
Microsoft Visual Studio Solution File, Format Version 12.00
# Visual Studio Version 17
VisualStudioVersion = 17.3.32929.385
MinimumVisualStudioVersion = 10.0.40219.1
Project("{FAE04EC0-301F-11D3-BF4B-00C04F79EFBC}") = "SVXoroCalc", "SVXoroCalc.csproj", "{7A0E710D-0DD6-4A6B-AABC-FB53ED4F8E37}"
EndProject
Global
	GlobalSection(SolutionConfigurationPlatforms) = preSolution
		Debug|Any CPU = Debug|Any CPU
		Release|Any CPU = Release|Any CPU
	EndGlobalSection
	GlobalSection(ProjectConfigurationPlatforms) = postSolution
		{7A0E710D-0DD6-4A6B-AABC-FB53ED4F8E37}.Debug|Any CPU.ActiveCfg = Debug|Any CPU
		{7A0E710D-0DD6-4A6B-AABC-FB53ED4F8E37}.Debug|Any CPU.Build.0 = Debug|Any CPU
		{7A0E710D-0DD6-4A6B-AABC-FB53ED4F8E37}.Release|Any CPU.ActiveCfg = Release|Any CPU
		{7A0E710D-0DD6-4A6B-AABC-FB53ED4F8E37}.Release|Any CPU.Build.0 = Release|Any CPU
	EndGlobalSection
	GlobalSection(SolutionProperties) = preSolution
		HideSolutionNode = FALSE
	EndGlobalSection
	GlobalSection(ExtensibilityGlobals) = postSolution
		SolutionGuid = {A6EC574C-E2EC-44B3-84DF-5F9BCD3FDF6F}
	EndGlobalSection
EndGlobal
