
Microsoft Visual Studio Solution File, Format Version 12.00
# Visual Studio Version 17
VisualStudioVersion = 17.6.33723.286
MinimumVisualStudioVersion = 10.0.40219.1
Project("{FAE04EC0-301F-11D3-BF4B-00C04F79EFBC}") = "OutbreakParser", "OutbreakParser.csproj", "{4C2F3910-2BCB-49D1-975E-D4BACFC6A9D8}"
EndProject
Global
	GlobalSection(SolutionConfigurationPlatforms) = preSolution
		Debug|Any CPU = Debug|Any CPU
		Release|Any CPU = Release|Any CPU
	EndGlobalSection
	GlobalSection(ProjectConfigurationPlatforms) = postSolution
		{4C2F3910-2BCB-49D1-975E-D4BACFC6A9D8}.Debug|Any CPU.ActiveCfg = Debug|Any CPU
		{4C2F3910-2BCB-49D1-975E-D4BACFC6A9D8}.Debug|Any CPU.Build.0 = Debug|Any CPU
		{4C2F3910-2BCB-49D1-975E-D4BACFC6A9D8}.Release|Any CPU.ActiveCfg = Release|Any CPU
		{4C2F3910-2BCB-49D1-975E-D4BACFC6A9D8}.Release|Any CPU.Build.0 = Release|Any CPU
	EndGlobalSection
	GlobalSection(SolutionProperties) = preSolution
		HideSolutionNode = FALSE
	EndGlobalSection
	GlobalSection(ExtensibilityGlobals) = postSolution
		SolutionGuid = {45FF599D-1664-4877-B6CE-D548C3F7B624}
	EndGlobalSection
EndGlobal
